
Microsoft Visual Studio Solution File, Format Version 12.00
# Visual Studio Version 16
VisualStudioVersion = 16.0.28803.352
MinimumVisualStudioVersion = 10.0.40219.1
Project("{9A19103F-16F7-4668-BE54-9A1E7A4F7556}") = "BookClub.UI", "BookClub.UI\BookClub.UI.csproj", "{B3D5854F-E25C-43B0-8A30-F99D288A1750}"
EndProject
Project("{9A19103F-16F7-4668-BE54-9A1E7A4F7556}") = "BookClub.API", "BookClub.API\BookClub.API.csproj", "{CEBD2ADF-E97C-49C2-912D-CABF78E70E3E}"
EndProject
Project("{9A19103F-16F7-4668-BE54-9A1E7A4F7556}") = "BookClub.Data", "BookClub.Data\BookClub.Data.csproj", "{55CA3E5A-922F-44C7-B06F-1D914941FF1C}"
EndProject
Project("{9A19103F-16F7-4668-BE54-9A1E7A4F7556}") = "BookClub.Entities", "BookClub.Entities\BookClub.Entities.csproj", "{260F3A72-12AC-4AA5-B07C-66C17777F688}"
EndProject
Project("{9A19103F-16F7-4668-BE54-9A1E7A4F7556}") = "BookClub.Logic", "BookClub.Logic\BookClub.Logic.csproj", "{4927AB3B-FB60-43FD-B0E3-FD7806120AA8}"
EndProject
Project("{9A19103F-16F7-4668-BE54-9A1E7A4F7556}") = "CoreFlogger", "CoreFlogger\CoreFlogger.csproj", "{F1E0F405-6999-4AAE-9805-E1380871CEB3}"
EndProject
Project("{9A19103F-16F7-4668-BE54-9A1E7A4F7556}") = "Flogger.Serilog", "Flogger.Serilog\Flogger.Serilog.csproj", "{0316F801-3ECF-4D7B-93CF-09A4DA5A3BDE}"
EndProject
Project("{2150E333-8FDC-42A3-9474-1A3956D46DE8}") = "Solution Items", "Solution Items", "{4334984C-29C7-4F20-A22B-BD66E8CB8CE1}"
	ProjectSection(SolutionItems) = preProject
		.gitignore = .gitignore
	EndProjectSection
EndProject
Global
	GlobalSection(SolutionConfigurationPlatforms) = preSolution
		Debug|Any CPU = Debug|Any CPU
		Release|Any CPU = Release|Any CPU
	EndGlobalSection
	GlobalSection(ProjectConfigurationPlatforms) = postSolution
		{B3D5854F-E25C-43B0-8A30-F99D288A1750}.Debug|Any CPU.ActiveCfg = Debug|Any CPU
		{B3D5854F-E25C-43B0-8A30-F99D288A1750}.Debug|Any CPU.Build.0 = Debug|Any CPU
		{B3D5854F-E25C-43B0-8A30-F99D288A1750}.Release|Any CPU.ActiveCfg = Release|Any CPU
		{B3D5854F-E25C-43B0-8A30-F99D288A1750}.Release|Any CPU.Build.0 = Release|Any CPU
		{CEBD2ADF-E97C-49C2-912D-CABF78E70E3E}.Debug|Any CPU.ActiveCfg = Debug|Any CPU
		{CEBD2ADF-E97C-49C2-912D-CABF78E70E3E}.Debug|Any CPU.Build.0 = Debug|Any CPU
		{CEBD2ADF-E97C-49C2-912D-CABF78E70E3E}.Release|Any CPU.ActiveCfg = Release|Any CPU
		{CEBD2ADF-E97C-49C2-912D-CABF78E70E3E}.Release|Any CPU.Build.0 = Release|Any CPU
		{55CA3E5A-922F-44C7-B06F-1D914941FF1C}.Debug|Any CPU.ActiveCfg = Debug|Any CPU
		{55CA3E5A-922F-44C7-B06F-1D914941FF1C}.Debug|Any CPU.Build.0 = Debug|Any CPU
		{55CA3E5A-922F-44C7-B06F-1D914941FF1C}.Release|Any CPU.ActiveCfg = Release|Any CPU
		{55CA3E5A-922F-44C7-B06F-1D914941FF1C}.Release|Any CPU.Build.0 = Release|Any CPU
		{260F3A72-12AC-4AA5-B07C-66C17777F688}.Debug|Any CPU.ActiveCfg = Debug|Any CPU
		{260F3A72-12AC-4AA5-B07C-66C17777F688}.Debug|Any CPU.Build.0 = Debug|Any CPU
		{260F3A72-12AC-4AA5-B07C-66C17777F688}.Release|Any CPU.ActiveCfg = Release|Any CPU
		{260F3A72-12AC-4AA5-B07C-66C17777F688}.Release|Any CPU.Build.0 = Release|Any CPU
		{4927AB3B-FB60-43FD-B0E3-FD7806120AA8}.Debug|Any CPU.ActiveCfg = Debug|Any CPU
		{4927AB3B-FB60-43FD-B0E3-FD7806120AA8}.Debug|Any CPU.Build.0 = Debug|Any CPU
		{4927AB3B-FB60-43FD-B0E3-FD7806120AA8}.Release|Any CPU.ActiveCfg = Release|Any CPU
		{4927AB3B-FB60-43FD-B0E3-FD7806120AA8}.Release|Any CPU.Build.0 = Release|Any CPU
		{F1E0F405-6999-4AAE-9805-E1380871CEB3}.Debug|Any CPU.ActiveCfg = Debug|Any CPU
		{F1E0F405-6999-4AAE-9805-E1380871CEB3}.Debug|Any CPU.Build.0 = Debug|Any CPU
		{F1E0F405-6999-4AAE-9805-E1380871CEB3}.Release|Any CPU.ActiveCfg = Release|Any CPU
		{F1E0F405-6999-4AAE-9805-E1380871CEB3}.Release|Any CPU.Build.0 = Release|Any CPU
		{0316F801-3ECF-4D7B-93CF-09A4DA5A3BDE}.Debug|Any CPU.ActiveCfg = Debug|Any CPU
		{0316F801-3ECF-4D7B-93CF-09A4DA5A3BDE}.Debug|Any CPU.Build.0 = Debug|Any CPU
		{0316F801-3ECF-4D7B-93CF-09A4DA5A3BDE}.Release|Any CPU.ActiveCfg = Release|Any CPU
		{0316F801-3ECF-4D7B-93CF-09A4DA5A3BDE}.Release|Any CPU.Build.0 = Release|Any CPU
	EndGlobalSection
	GlobalSection(SolutionProperties) = preSolution
		HideSolutionNode = FALSE
	EndGlobalSection
	GlobalSection(ExtensibilityGlobals) = postSolution
		SolutionGuid = {BCEC7262-E28A-4B14-8033-64B42EB5685B}
	EndGlobalSection
EndGlobal
